
Microsoft Visual Studio Solution File, Format Version 12.00
# Visual Studio Version 16
VisualStudioVersion = 16.0.30711.63
MinimumVisualStudioVersion = 10.0.40219.1
Project("{FAE04EC0-301F-11D3-BF4B-00C04F79EFBC}") = "Application", "Application\Application.csproj", "{17F5EB66-68F9-499F-99C2-EF70250FE5BF}"
EndProject
Project("{FAE04EC0-301F-11D3-BF4B-00C04F79EFBC}") = "Domain", "Domain\Domain.csproj", "{3E627163-CD4B-4094-8D3E-8795AAF9DF07}"
EndProject
Project("{FAE04EC0-301F-11D3-BF4B-00C04F79EFBC}") = "Infrastructure", "Infrastructure\Infrastructure.csproj", "{2BCA80BC-7302-4946-B4C3-484F8F82CE14}"
EndProject
Project("{FAE04EC0-301F-11D3-BF4B-00C04F79EFBC}") = "OrdersApi", "OrdersApi\OrdersApi.csproj", "{FC8FB636-D9A0-41E7-AA1C-32F930442AD1}"
EndProject
Global
	GlobalSection(SolutionConfigurationPlatforms) = preSolution
		Debug|Any CPU = Debug|Any CPU
		Release|Any CPU = Release|Any CPU
	EndGlobalSection
	GlobalSection(ProjectConfigurationPlatforms) = postSolution
		{17F5EB66-68F9-499F-99C2-EF70250FE5BF}.Debug|Any CPU.ActiveCfg = Debug|Any CPU
		{17F5EB66-68F9-499F-99C2-EF70250FE5BF}.Debug|Any CPU.Build.0 = Debug|Any CPU
		{17F5EB66-68F9-499F-99C2-EF70250FE5BF}.Release|Any CPU.ActiveCfg = Release|Any CPU
		{17F5EB66-68F9-499F-99C2-EF70250FE5BF}.Release|Any CPU.Build.0 = Release|Any CPU
		{3E627163-CD4B-4094-8D3E-8795AAF9DF07}.Debug|Any CPU.ActiveCfg = Debug|Any CPU
		{3E627163-CD4B-4094-8D3E-8795AAF9DF07}.Debug|Any CPU.Build.0 = Debug|Any CPU
		{3E627163-CD4B-4094-8D3E-8795AAF9DF07}.Release|Any CPU.ActiveCfg = Release|Any CPU
		{3E627163-CD4B-4094-8D3E-8795AAF9DF07}.Release|Any CPU.Build.0 = Release|Any CPU
		{2BCA80BC-7302-4946-B4C3-484F8F82CE14}.Debug|Any CPU.ActiveCfg = Debug|Any CPU
		{2BCA80BC-7302-4946-B4C3-484F8F82CE14}.Debug|Any CPU.Build.0 = Debug|Any CPU
		{2BCA80BC-7302-4946-B4C3-484F8F82CE14}.Release|Any CPU.ActiveCfg = Release|Any CPU
		{2BCA80BC-7302-4946-B4C3-484F8F82CE14}.Release|Any CPU.Build.0 = Release|Any CPU
		{FC8FB636-D9A0-41E7-AA1C-32F930442AD1}.Debug|Any CPU.ActiveCfg = Debug|Any CPU
		{FC8FB636-D9A0-41E7-AA1C-32F930442AD1}.Debug|Any CPU.Build.0 = Debug|Any CPU
		{FC8FB636-D9A0-41E7-AA1C-32F930442AD1}.Release|Any CPU.ActiveCfg = Release|Any CPU
		{FC8FB636-D9A0-41E7-AA1C-32F930442AD1}.Release|Any CPU.Build.0 = Release|Any CPU
	EndGlobalSection
	GlobalSection(SolutionProperties) = preSolution
		HideSolutionNode = FALSE
	EndGlobalSection
	GlobalSection(ExtensibilityGlobals) = postSolution
		SolutionGuid = {15C1A2CC-DE69-4159-AA12-82B7DB9FDB3B}
	EndGlobalSection
EndGlobal
